
Microsoft Visual Studio Solution File, Format Version 12.00
# Visual Studio 15
Project("{FAE04EC0-301F-11D3-BF4B-00C04F79EFBC}") = "DataStructures", "DataStructures\DataStructures.csproj", "{C30CE81E-83D1-4C1C-AC7B-3BE33C013779}"
EndProject
Global
	GlobalSection(SolutionConfigurationPlatforms) = preSolution
		Debug|anycpu = Debug|anycpu
		Release|anycpu = Release|anycpu
	EndGlobalSection
	GlobalSection(ProjectConfigurationPlatforms) = postSolution
		{C30CE81E-83D1-4C1C-AC7B-3BE33C013779}.Debug|anycpu.ActiveCfg = Debug|anycpu
		{C30CE81E-83D1-4C1C-AC7B-3BE33C013779}.Debug|anycpu.Build.0 = Debug|anycpu
		{C30CE81E-83D1-4C1C-AC7B-3BE33C013779}.Release|anycpu.ActiveCfg = Release|anycpu
		{C30CE81E-83D1-4C1C-AC7B-3BE33C013779}.Release|anycpu.Build.0 = Release|anycpu
	EndGlobalSection
EndGlobal
